{
  "lockfileVersion": 1,
  "configVersion": 1,
  "workspaces": {
    "": {
      "dependencies": {
        "@opencode-ai/plugin": "1.1.3",
      },
    },
  },
  "packages": {
    "@opencode-ai/plugin": ["@opencode-ai/plugin@1.1.3", "", { "dependencies": { "@opencode-ai/sdk": "1.1.3", "zod": "4.1.8" } }, "sha512-CVsaUv+ZOiObbRdVS/2cvU0pUwmLKZHlMRTdLi1r2fVWPxCuQFWTdWH+0wTdynUEQ+WyqCy8wt9gTC7QRx2WyA=="],

    "@opencode-ai/sdk": ["@opencode-ai/sdk@1.1.3", "", {}, "sha512-P4ERbfuT7CilZYyB1l6J/DM6KD0i5V15O+xvsjUitxSS3S2Gr0YsA4bmXU+EsBQGHryUHc81bhJF49a8wSU+tw=="],

    "zod": ["zod@4.1.8", "", {}, "sha512-5R1P+WwQqmmMIEACyzSvo4JXHY5WiAFHRMg+zBZKgKS+Q1viRa0C1hmUKtHltoIFKtIdki3pRxkmpP74jnNYHQ=="],
  }
}
